// !$*UTF8*$!
{
	archiveVersion = 1;
	classes = {
	};
	objectVersion = 51;
	objects = {

/* Begin PBXBuildFile section */
		0F8E3005CE0F51AE7BFC12B4 /* Pods_notesTests.framework in Frameworks */ = {isa = PBXBuildFile; fileRef = EA141ACFD47130231BDBAE2E /* Pods_notesTests.framework */; };
		5C6D3CBD769609C1599407ED /* Pods_notes.framework in Frameworks */ = {isa = PBXBuildFile; fileRef = BFAD6FF35D063F65A45FF8BE /* Pods_notes.framework */; };
		A9463DB822B6D1CF0070896A /* ListTableViewController.swift in Sources */ = {isa = PBXBuildFile; fileRef = A9463DB622B6D1CF0070896A /* ListTableViewController.swift */; };
		A9463DB922B6D1CF0070896A /* ListTableViewController.xib in Resources */ = {isa = PBXBuildFile; fileRef = A9463DB722B6D1CF0070896A /* ListTableViewController.xib */; };
		A9463DBB22B6D59D0070896A /* ListCoordinator.swift in Sources */ = {isa = PBXBuildFile; fileRef = A9463DBA22B6D59D0070896A /* ListCoordinator.swift */; };
		A9463DBE22B6E75F0070896A /* DetailViewController.swift in Sources */ = {isa = PBXBuildFile; fileRef = A9463DBC22B6E75F0070896A /* DetailViewController.swift */; };
		A9463DBF22B6E75F0070896A /* DetailViewController.xib in Resources */ = {isa = PBXBuildFile; fileRef = A9463DBD22B6E75F0070896A /* DetailViewController.xib */; };
		A9511F6722B6448900948518 /* NetworkRequest.swift in Sources */ = {isa = PBXBuildFile; fileRef = A9511F6622B6448900948518 /* NetworkRequest.swift */; };
		A9511F6A22B645C000948518 /* Note.swift in Sources */ = {isa = PBXBuildFile; fileRef = A9511F6922B645C000948518 /* Note.swift */; };
		A9511F6C22B6469700948518 /* NewNote.swift in Sources */ = {isa = PBXBuildFile; fileRef = A9511F6B22B6469700948518 /* NewNote.swift */; };
		A9511F6E22B646A300948518 /* NetworkClient.swift in Sources */ = {isa = PBXBuildFile; fileRef = A9511F6D22B646A300948518 /* NetworkClient.swift */; };
		A9511F7122B64B6E00948518 /* NoteRequest.swift in Sources */ = {isa = PBXBuildFile; fileRef = A9511F7022B64B6E00948518 /* NoteRequest.swift */; };
		A9511F7322B64BB100948518 /* EmptyResponse.swift in Sources */ = {isa = PBXBuildFile; fileRef = A9511F7222B64BB100948518 /* EmptyResponse.swift */; };
		A9511F7522B64CD300948518 /* NotesRequest.swift in Sources */ = {isa = PBXBuildFile; fileRef = A9511F7422B64CD300948518 /* NotesRequest.swift */; };
		A9511F7722B64D2100948518 /* ListNotesRequest.swift in Sources */ = {isa = PBXBuildFile; fileRef = A9511F7622B64D2100948518 /* ListNotesRequest.swift */; };
		A9511F7922B64D7D00948518 /* CreateNoteRequest.swift in Sources */ = {isa = PBXBuildFile; fileRef = A9511F7822B64D7D00948518 /* CreateNoteRequest.swift */; };
		A9511F7B22B64DEE00948518 /* GetNoteRequest.swift in Sources */ = {isa = PBXBuildFile; fileRef = A9511F7A22B64DEE00948518 /* GetNoteRequest.swift */; };
		A9511F7D22B64E4600948518 /* UpdateNoteRequest.swift in Sources */ = {isa = PBXBuildFile; fileRef = A9511F7C22B64E4600948518 /* UpdateNoteRequest.swift */; };
		A9511F7F22B64EA300948518 /* RemoveNoteRequest.swift in Sources */ = {isa = PBXBuildFile; fileRef = A9511F7E22B64EA300948518 /* RemoveNoteRequest.swift */; };
		A9511F8122B65D7A00948518 /* MockAPITests.swift in Sources */ = {isa = PBXBuildFile; fileRef = A9511F8022B65D7A00948518 /* MockAPITests.swift */; };
		A9511F8322B6679300948518 /* Server.swift in Sources */ = {isa = PBXBuildFile; fileRef = A9511F8222B6679300948518 /* Server.swift */; };
		A965675F22B4372000FA96D2 /* AppDelegate.swift in Sources */ = {isa = PBXBuildFile; fileRef = A965675E22B4372000FA96D2 /* AppDelegate.swift */; };
		A965676622B4372100FA96D2 /* Assets.xcassets in Resources */ = {isa = PBXBuildFile; fileRef = A965676522B4372100FA96D2 /* Assets.xcassets */; };
		A965676922B4372100FA96D2 /* LaunchScreen.storyboard in Resources */ = {isa = PBXBuildFile; fileRef = A965676722B4372100FA96D2 /* LaunchScreen.storyboard */; };
		A98452FC22B7AE7F00199EBC /* DetailCoordinator.swift in Sources */ = {isa = PBXBuildFile; fileRef = A98452FB22B7AE7F00199EBC /* DetailCoordinator.swift */; };
		A98452FE22B7B0BD00199EBC /* ErrorPresentable.swift in Sources */ = {isa = PBXBuildFile; fileRef = A98452FD22B7B0BD00199EBC /* ErrorPresentable.swift */; };
		A984530122B7B3BA00199EBC /* LoadingViewController.swift in Sources */ = {isa = PBXBuildFile; fileRef = A98452FF22B7B3BA00199EBC /* LoadingViewController.swift */; };
		A984530222B7B3BA00199EBC /* LoadingViewController.xib in Resources */ = {isa = PBXBuildFile; fileRef = A984530022B7B3BA00199EBC /* LoadingViewController.xib */; };
		A984530422B7BACB00199EBC /* DetailCoordinatorTests.swift in Sources */ = {isa = PBXBuildFile; fileRef = A984530322B7BACB00199EBC /* DetailCoordinatorTests.swift */; };
		A984530622B81ED700199EBC /* HasLoading.swift in Sources */ = {isa = PBXBuildFile; fileRef = A984530522B81ED700199EBC /* HasLoading.swift */; };
		A984530B22B82DD000199EBC /* NoteService.swift in Sources */ = {isa = PBXBuildFile; fileRef = A984530A22B82DD000199EBC /* NoteService.swift */; };
		A984530F22B8320900199EBC /* NoteServiceTests.swift in Sources */ = {isa = PBXBuildFile; fileRef = A984530E22B8320900199EBC /* NoteServiceTests.swift */; };
		A984531122B8399300199EBC /* ListCoordinatorTests.swift in Sources */ = {isa = PBXBuildFile; fileRef = A984531022B8399300199EBC /* ListCoordinatorTests.swift */; };
		A984531322B839E300199EBC /* MockNetworkClient.swift in Sources */ = {isa = PBXBuildFile; fileRef = A984531222B839E300199EBC /* MockNetworkClient.swift */; };
		A984531622B8E89E00199EBC /* CoordinatorTest.swift in Sources */ = {isa = PBXBuildFile; fileRef = A984531522B8E89E00199EBC /* CoordinatorTest.swift */; };
		A98AE56722BA75B200F86022 /* Localizable.strings in Resources */ = {isa = PBXBuildFile; fileRef = A98AE56522BA75B200F86022 /* Localizable.strings */; };
		A98AE56B22BA76C200F86022 /* Strings.swift in Sources */ = {isa = PBXBuildFile; fileRef = A98AE56A22BA76C200F86022 /* Strings.swift */; };
		A98AE56D22BA787F00F86022 /* README.md in Resources */ = {isa = PBXBuildFile; fileRef = A98AE56C22BA787F00F86022 /* README.md */; };
		A999C11D22B43A120020F475 /* AppCoordinator.swift in Sources */ = {isa = PBXBuildFile; fileRef = A999C11C22B43A120020F475 /* AppCoordinator.swift */; };
/* End PBXBuildFile section */

/* Begin PBXContainerItemProxy section */
		A965677022B4372100FA96D2 /* PBXContainerItemProxy */ = {
			isa = PBXContainerItemProxy;
			containerPortal = A965675322B4372000FA96D2 /* Project object */;
			proxyType = 1;
			remoteGlobalIDString = A965675A22B4372000FA96D2;
			remoteInfo = notes;
		};
/* End PBXContainerItemProxy section */

/* Begin PBXFileReference section */
		639DFB5FCDA01E8D8ED5DB97 /* Pods-notesTests.release.xcconfig */ = {isa = PBXFileReference; includeInIndex = 1; lastKnownFileType = text.xcconfig; name = "Pods-notesTests.release.xcconfig"; path = "Target Support Files/Pods-notesTests/Pods-notesTests.release.xcconfig"; sourceTree = "<group>"; };
		9F0438C60CC065A3862FCAF4 /* Pods-notes.release.xcconfig */ = {isa = PBXFileReference; includeInIndex = 1; lastKnownFileType = text.xcconfig; name = "Pods-notes.release.xcconfig"; path = "Target Support Files/Pods-notes/Pods-notes.release.xcconfig"; sourceTree = "<group>"; };
		A9463DB622B6D1CF0070896A /* ListTableViewController.swift */ = {isa = PBXFileReference; lastKnownFileType = sourcecode.swift; path = ListTableViewController.swift; sourceTree = "<group>"; };
		A9463DB722B6D1CF0070896A /* ListTableViewController.xib */ = {isa = PBXFileReference; lastKnownFileType = file.xib; path = ListTableViewController.xib; sourceTree = "<group>"; };
		A9463DBA22B6D59D0070896A /* ListCoordinator.swift */ = {isa = PBXFileReference; lastKnownFileType = sourcecode.swift; path = ListCoordinator.swift; sourceTree = "<group>"; };
		A9463DBC22B6E75F0070896A /* DetailViewController.swift */ = {isa = PBXFileReference; lastKnownFileType = sourcecode.swift; path = DetailViewController.swift; sourceTree = "<group>"; };
		A9463DBD22B6E75F0070896A /* DetailViewController.xib */ = {isa = PBXFileReference; lastKnownFileType = file.xib; path = DetailViewController.xib; sourceTree = "<group>"; };
		A9511F6622B6448900948518 /* NetworkRequest.swift */ = {isa = PBXFileReference; lastKnownFileType = sourcecode.swift; path = NetworkRequest.swift; sourceTree = "<group>"; };
		A9511F6922B645C000948518 /* Note.swift */ = {isa = PBXFileReference; lastKnownFileType = sourcecode.swift; path = Note.swift; sourceTree = "<group>"; };
		A9511F6B22B6469700948518 /* NewNote.swift */ = {isa = PBXFileReference; lastKnownFileType = sourcecode.swift; path = NewNote.swift; sourceTree = "<group>"; };
		A9511F6D22B646A300948518 /* NetworkClient.swift */ = {isa = PBXFileReference; lastKnownFileType = sourcecode.swift; path = NetworkClient.swift; sourceTree = "<group>"; };
		A9511F7022B64B6E00948518 /* NoteRequest.swift */ = {isa = PBXFileReference; lastKnownFileType = sourcecode.swift; path = NoteRequest.swift; sourceTree = "<group>"; };
		A9511F7222B64BB100948518 /* EmptyResponse.swift */ = {isa = PBXFileReference; lastKnownFileType = sourcecode.swift; path = EmptyResponse.swift; sourceTree = "<group>"; };
		A9511F7422B64CD300948518 /* NotesRequest.swift */ = {isa = PBXFileReference; lastKnownFileType = sourcecode.swift; path = NotesRequest.swift; sourceTree = "<group>"; };
		A9511F7622B64D2100948518 /* ListNotesRequest.swift */ = {isa = PBXFileReference; lastKnownFileType = sourcecode.swift; path = ListNotesRequest.swift; sourceTree = "<group>"; };
		A9511F7822B64D7D00948518 /* CreateNoteRequest.swift */ = {isa = PBXFileReference; lastKnownFileType = sourcecode.swift; path = CreateNoteRequest.swift; sourceTree = "<group>"; };
		A9511F7A22B64DEE00948518 /* GetNoteRequest.swift */ = {isa = PBXFileReference; lastKnownFileType = sourcecode.swift; path = GetNoteRequest.swift; sourceTree = "<group>"; };
		A9511F7C22B64E4600948518 /* UpdateNoteRequest.swift */ = {isa = PBXFileReference; lastKnownFileType = sourcecode.swift; path = UpdateNoteRequest.swift; sourceTree = "<group>"; };
		A9511F7E22B64EA300948518 /* RemoveNoteRequest.swift */ = {isa = PBXFileReference; lastKnownFileType = sourcecode.swift; path = RemoveNoteRequest.swift; sourceTree = "<group>"; };
		A9511F8022B65D7A00948518 /* MockAPITests.swift */ = {isa = PBXFileReference; lastKnownFileType = sourcecode.swift; path = MockAPITests.swift; sourceTree = "<group>"; };
		A9511F8222B6679300948518 /* Server.swift */ = {isa = PBXFileReference; lastKnownFileType = sourcecode.swift; path = Server.swift; sourceTree = "<group>"; };
		A965675B22B4372000FA96D2 /* notes.app */ = {isa = PBXFileReference; explicitFileType = wrapper.application; includeInIndex = 0; path = notes.app; sourceTree = BUILT_PRODUCTS_DIR; };
		A965675E22B4372000FA96D2 /* AppDelegate.swift */ = {isa = PBXFileReference; lastKnownFileType = sourcecode.swift; path = AppDelegate.swift; sourceTree = "<group>"; };
		A965676522B4372100FA96D2 /* Assets.xcassets */ = {isa = PBXFileReference; lastKnownFileType = folder.assetcatalog; path = Assets.xcassets; sourceTree = "<group>"; };
		A965676822B4372100FA96D2 /* Base */ = {isa = PBXFileReference; lastKnownFileType = file.storyboard; name = Base; path = Base.lproj/LaunchScreen.storyboard; sourceTree = "<group>"; };
		A965676A22B4372100FA96D2 /* Info.plist */ = {isa = PBXFileReference; lastKnownFileType = text.plist.xml; path = Info.plist; sourceTree = "<group>"; };
		A965676F22B4372100FA96D2 /* notesTests.xctest */ = {isa = PBXFileReference; explicitFileType = wrapper.cfbundle; includeInIndex = 0; path = notesTests.xctest; sourceTree = BUILT_PRODUCTS_DIR; };
		A965677522B4372100FA96D2 /* Info.plist */ = {isa = PBXFileReference; lastKnownFileType = text.plist.xml; path = Info.plist; sourceTree = "<group>"; };
		A98452FB22B7AE7F00199EBC /* DetailCoordinator.swift */ = {isa = PBXFileReference; lastKnownFileType = sourcecode.swift; path = DetailCoordinator.swift; sourceTree = "<group>"; };
		A98452FD22B7B0BD00199EBC /* ErrorPresentable.swift */ = {isa = PBXFileReference; lastKnownFileType = sourcecode.swift; path = ErrorPresentable.swift; sourceTree = "<group>"; };
		A98452FF22B7B3BA00199EBC /* LoadingViewController.swift */ = {isa = PBXFileReference; lastKnownFileType = sourcecode.swift; path = LoadingViewController.swift; sourceTree = "<group>"; };
		A984530022B7B3BA00199EBC /* LoadingViewController.xib */ = {isa = PBXFileReference; lastKnownFileType = file.xib; path = LoadingViewController.xib; sourceTree = "<group>"; };
		A984530322B7BACB00199EBC /* DetailCoordinatorTests.swift */ = {isa = PBXFileReference; lastKnownFileType = sourcecode.swift; path = DetailCoordinatorTests.swift; sourceTree = "<group>"; };
		A984530522B81ED700199EBC /* HasLoading.swift */ = {isa = PBXFileReference; lastKnownFileType = sourcecode.swift; path = HasLoading.swift; sourceTree = "<group>"; };
		A984530A22B82DD000199EBC /* NoteService.swift */ = {isa = PBXFileReference; lastKnownFileType = sourcecode.swift; path = NoteService.swift; sourceTree = "<group>"; };
		A984530E22B8320900199EBC /* NoteServiceTests.swift */ = {isa = PBXFileReference; lastKnownFileType = sourcecode.swift; path = NoteServiceTests.swift; sourceTree = "<group>"; };
		A984531022B8399300199EBC /* ListCoordinatorTests.swift */ = {isa = PBXFileReference; lastKnownFileType = sourcecode.swift; path = ListCoordinatorTests.swift; sourceTree = "<group>"; };
		A984531222B839E300199EBC /* MockNetworkClient.swift */ = {isa = PBXFileReference; lastKnownFileType = sourcecode.swift; path = MockNetworkClient.swift; sourceTree = "<group>"; };
		A984531522B8E89E00199EBC /* CoordinatorTest.swift */ = {isa = PBXFileReference; lastKnownFileType = sourcecode.swift; path = CoordinatorTest.swift; sourceTree = "<group>"; };
		A98AE56622BA75B200F86022 /* Base */ = {isa = PBXFileReference; lastKnownFileType = text.plist.strings; name = Base; path = Base.lproj/Localizable.strings; sourceTree = "<group>"; };
		A98AE56A22BA76C200F86022 /* Strings.swift */ = {isa = PBXFileReference; lastKnownFileType = sourcecode.swift; path = Strings.swift; sourceTree = "<group>"; };
		A98AE56C22BA787F00F86022 /* README.md */ = {isa = PBXFileReference; fileEncoding = 4; lastKnownFileType = net.daringfireball.markdown; path = README.md; sourceTree = "<group>"; };
		A999C11C22B43A120020F475 /* AppCoordinator.swift */ = {isa = PBXFileReference; lastKnownFileType = sourcecode.swift; path = AppCoordinator.swift; sourceTree = "<group>"; };
		AB34BA69487850FC98250639 /* Pods-notes.debug.xcconfig */ = {isa = PBXFileReference; includeInIndex = 1; lastKnownFileType = text.xcconfig; name = "Pods-notes.debug.xcconfig"; path = "Target Support Files/Pods-notes/Pods-notes.debug.xcconfig"; sourceTree = "<group>"; };
		BFAD6FF35D063F65A45FF8BE /* Pods_notes.framework */ = {isa = PBXFileReference; explicitFileType = wrapper.framework; includeInIndex = 0; path = Pods_notes.framework; sourceTree = BUILT_PRODUCTS_DIR; };
		D1111609EC7F4856379AFCCB /* Pods-notesTests.debug.xcconfig */ = {isa = PBXFileReference; includeInIndex = 1; lastKnownFileType = text.xcconfig; name = "Pods-notesTests.debug.xcconfig"; path = "Target Support Files/Pods-notesTests/Pods-notesTests.debug.xcconfig"; sourceTree = "<group>"; };
		EA141ACFD47130231BDBAE2E /* Pods_notesTests.framework */ = {isa = PBXFileReference; explicitFileType = wrapper.framework; includeInIndex = 0; path = Pods_notesTests.framework; sourceTree = BUILT_PRODUCTS_DIR; };
/* End PBXFileReference section */

/* Begin PBXFrameworksBuildPhase section */
		A965675822B4372000FA96D2 /* Frameworks */ = {
			isa = PBXFrameworksBuildPhase;
			buildActionMask = 2147483647;
			files = (
				5C6D3CBD769609C1599407ED /* Pods_notes.framework in Frameworks */,
			);
			runOnlyForDeploymentPostprocessing = 0;
		};
		A965676C22B4372100FA96D2 /* Frameworks */ = {
			isa = PBXFrameworksBuildPhase;
			buildActionMask = 2147483647;
			files = (
				0F8E3005CE0F51AE7BFC12B4 /* Pods_notesTests.framework in Frameworks */,
			);
			runOnlyForDeploymentPostprocessing = 0;
		};
/* End PBXFrameworksBuildPhase section */

/* Begin PBXGroup section */
		55DA332F8B494AFA8840FA09 /* Frameworks */ = {
			isa = PBXGroup;
			children = (
				BFAD6FF35D063F65A45FF8BE /* Pods_notes.framework */,
				EA141ACFD47130231BDBAE2E /* Pods_notesTests.framework */,
			);
			name = Frameworks;
			sourceTree = "<group>";
		};
		6DEDA239609FBA39BA2FEE69 /* Pods */ = {
			isa = PBXGroup;
			children = (
				AB34BA69487850FC98250639 /* Pods-notes.debug.xcconfig */,
				9F0438C60CC065A3862FCAF4 /* Pods-notes.release.xcconfig */,
				D1111609EC7F4856379AFCCB /* Pods-notesTests.debug.xcconfig */,
				639DFB5FCDA01E8D8ED5DB97 /* Pods-notesTests.release.xcconfig */,
			);
			path = Pods;
			sourceTree = "<group>";
		};
		A9268FB622B91C71002EE228 /* Mocks */ = {
			isa = PBXGroup;
			children = (
				A984531222B839E300199EBC /* MockNetworkClient.swift */,
			);
			path = Mocks;
			sourceTree = "<group>";
		};
		A9511F6522B6440400948518 /* Networking */ = {
			isa = PBXGroup;
			children = (
				A9511F8222B6679300948518 /* Server.swift */,
				A9511F6622B6448900948518 /* NetworkRequest.swift */,
				A9511F6D22B646A300948518 /* NetworkClient.swift */,
				A9511F7222B64BB100948518 /* EmptyResponse.swift */,
			);
			path = Networking;
			sourceTree = "<group>";
		};
		A9511F6822B6459A00948518 /* Models */ = {
			isa = PBXGroup;
			children = (
				A9511F6922B645C000948518 /* Note.swift */,
				A9511F6B22B6469700948518 /* NewNote.swift */,
			);
			path = Models;
			sourceTree = "<group>";
		};
		A9511F8422B669D800948518 /* List */ = {
			isa = PBXGroup;
			children = (
				A9463DBA22B6D59D0070896A /* ListCoordinator.swift */,
				A9463DB622B6D1CF0070896A /* ListTableViewController.swift */,
				A9463DB722B6D1CF0070896A /* ListTableViewController.xib */,
			);
			path = List;
			sourceTree = "<group>";
		};
		A9511F8522B669E100948518 /* Detail */ = {
			isa = PBXGroup;
			children = (
				A98452FB22B7AE7F00199EBC /* DetailCoordinator.swift */,
				A9463DBC22B6E75F0070896A /* DetailViewController.swift */,
				A9463DBD22B6E75F0070896A /* DetailViewController.xib */,
			);
			path = Detail;
			sourceTree = "<group>";
		};
		A9511F8622B669F200948518 /* Scenes */ = {
			isa = PBXGroup;
			children = (
				A9511F8522B669E100948518 /* Detail */,
				A9511F8422B669D800948518 /* List */,
			);
			path = Scenes;
			sourceTree = "<group>";
		};
		A9511F8722B669FD00948518 /* Resources */ = {
			isa = PBXGroup;
			children = (
				A98AE56922BA76BB00F86022 /* Generated */,
				A98AE56522BA75B200F86022 /* Localizable.strings */,
				A965676522B4372100FA96D2 /* Assets.xcassets */,
				A965676722B4372100FA96D2 /* LaunchScreen.storyboard */,
				A965676A22B4372100FA96D2 /* Info.plist */,
			);
			path = Resources;
			sourceTree = "<group>";
		};
		A965675222B4372000FA96D2 = {
			isa = PBXGroup;
			children = (
				A98AE56C22BA787F00F86022 /* README.md */,
				A965675D22B4372000FA96D2 /* notes */,
				A965677222B4372100FA96D2 /* notesTests */,
				A965675C22B4372000FA96D2 /* Products */,
				6DEDA239609FBA39BA2FEE69 /* Pods */,
				55DA332F8B494AFA8840FA09 /* Frameworks */,
			);
			sourceTree = "<group>";
		};
		A965675C22B4372000FA96D2 /* Products */ = {
			isa = PBXGroup;
			children = (
				A965675B22B4372000FA96D2 /* notes.app */,
				A965676F22B4372100FA96D2 /* notesTests.xctest */,
			);
			name = Products;
			sourceTree = "<group>";
		};
		A965675D22B4372000FA96D2 /* notes */ = {
			isa = PBXGroup;
			children = (
				A984530922B82DC400199EBC /* Services */,
				A965675E22B4372000FA96D2 /* AppDelegate.swift */,
				A999C11C22B43A120020F475 /* AppCoordinator.swift */,
				A984530722B82CDE00199EBC /* Utility */,
				A9511F8622B669F200948518 /* Scenes */,
				A9511F6522B6440400948518 /* Networking */,
				A9511F8722B669FD00948518 /* Resources */,
			);
			path = notes;
			sourceTree = "<group>";
		};
		A965677222B4372100FA96D2 /* notesTests */ = {
			isa = PBXGroup;
			children = (
				A9268FB622B91C71002EE228 /* Mocks */,
				A984531422B8E88A00199EBC /* CoordinatorTests */,
				A965677522B4372100FA96D2 /* Info.plist */,
				A9511F8022B65D7A00948518 /* MockAPITests.swift */,
				A984530E22B8320900199EBC /* NoteServiceTests.swift */,
			);
			path = notesTests;
			sourceTree = "<group>";
		};
		A984530722B82CDE00199EBC /* Utility */ = {
			isa = PBXGroup;
			children = (
				A98452FD22B7B0BD00199EBC /* ErrorPresentable.swift */,
				A984530522B81ED700199EBC /* HasLoading.swift */,
				A984530822B82CEC00199EBC /* LoadingViewController */,
			);
			path = Utility;
			sourceTree = "<group>";
		};
		A984530822B82CEC00199EBC /* LoadingViewController */ = {
			isa = PBXGroup;
			children = (
				A98452FF22B7B3BA00199EBC /* LoadingViewController.swift */,
				A984530022B7B3BA00199EBC /* LoadingViewController.xib */,
			);
			path = LoadingViewController;
			sourceTree = "<group>";
		};
		A984530922B82DC400199EBC /* Services */ = {
			isa = PBXGroup;
			children = (
				A984530C22B82E2D00199EBC /* NoteService */,
			);
			path = Services;
			sourceTree = "<group>";
		};
		A984530C22B82E2D00199EBC /* NoteService */ = {
			isa = PBXGroup;
			children = (
				A9511F6822B6459A00948518 /* Models */,
				A984530D22B82E3A00199EBC /* Networking */,
				A984530A22B82DD000199EBC /* NoteService.swift */,
			);
			path = NoteService;
			sourceTree = "<group>";
		};
		A984530D22B82E3A00199EBC /* Networking */ = {
			isa = PBXGroup;
			children = (
				A9511F7022B64B6E00948518 /* NoteRequest.swift */,
				A9511F7422B64CD300948518 /* NotesRequest.swift */,
				A9511F7622B64D2100948518 /* ListNotesRequest.swift */,
				A9511F7822B64D7D00948518 /* CreateNoteRequest.swift */,
				A9511F7A22B64DEE00948518 /* GetNoteRequest.swift */,
				A9511F7C22B64E4600948518 /* UpdateNoteRequest.swift */,
				A9511F7E22B64EA300948518 /* RemoveNoteRequest.swift */,
			);
			path = Networking;
			sourceTree = "<group>";
		};
		A984531422B8E88A00199EBC /* CoordinatorTests */ = {
			isa = PBXGroup;
			children = (
				A984531522B8E89E00199EBC /* CoordinatorTest.swift */,
				A984530322B7BACB00199EBC /* DetailCoordinatorTests.swift */,
				A984531022B8399300199EBC /* ListCoordinatorTests.swift */,
			);
			path = CoordinatorTests;
			sourceTree = "<group>";
		};
		A98AE56922BA76BB00F86022 /* Generated */ = {
			isa = PBXGroup;
			children = (
				A98AE56A22BA76C200F86022 /* Strings.swift */,
			);
			path = Generated;
			sourceTree = "<group>";
		};
/* End PBXGroup section */

/* Begin PBXNativeTarget section */
		A965675A22B4372000FA96D2 /* notes */ = {
			isa = PBXNativeTarget;
			buildConfigurationList = A965677822B4372100FA96D2 /* Build configuration list for PBXNativeTarget "notes" */;
			buildPhases = (
				64880568B97F3A3AF7695663 /* [CP] Check Pods Manifest.lock */,
				A968347B22BA754800CF3CF6 /* Swiftgen */,
				A965675722B4372000FA96D2 /* Sources */,
				A965675822B4372000FA96D2 /* Frameworks */,
				A965675922B4372000FA96D2 /* Resources */,
				1B59B4E2BA12AAA20DC1176A /* [CP] Embed Pods Frameworks */,
			);
			buildRules = (
			);
			dependencies = (
			);
			name = notes;
			productName = notes;
			productReference = A965675B22B4372000FA96D2 /* notes.app */;
			productType = "com.apple.product-type.application";
		};
		A965676E22B4372100FA96D2 /* notesTests */ = {
			isa = PBXNativeTarget;
			buildConfigurationList = A965677B22B4372100FA96D2 /* Build configuration list for PBXNativeTarget "notesTests" */;
			buildPhases = (
				36D37912D30226FF59960651 /* [CP] Check Pods Manifest.lock */,
				A965676B22B4372100FA96D2 /* Sources */,
				A965676C22B4372100FA96D2 /* Frameworks */,
				A965676D22B4372100FA96D2 /* Resources */,
				98CF521A6E8A2CA97569FC81 /* [CP] Embed Pods Frameworks */,
			);
			buildRules = (
			);
			dependencies = (
				A965677122B4372100FA96D2 /* PBXTargetDependency */,
			);
			name = notesTests;
			productName = notesTests;
			productReference = A965676F22B4372100FA96D2 /* notesTests.xctest */;
			productType = "com.apple.product-type.bundle.unit-test";
		};
/* End PBXNativeTarget section */

/* Begin PBXProject section */
		A965675322B4372000FA96D2 /* Project object */ = {
			isa = PBXProject;
			attributes = {
				LastSwiftUpdateCheck = 1020;
				LastUpgradeCheck = 1020;
				ORGANIZATIONNAME = bednarjan;
				TargetAttributes = {
					A965675A22B4372000FA96D2 = {
						CreatedOnToolsVersion = 10.2;
					};
					A965676E22B4372100FA96D2 = {
						CreatedOnToolsVersion = 10.2;
						TestTargetID = A965675A22B4372000FA96D2;
					};
				};
			};
			buildConfigurationList = A965675622B4372000FA96D2 /* Build configuration list for PBXProject "notes" */;
			compatibilityVersion = "Xcode 9.3";
			developmentRegion = en;
			hasScannedForEncodings = 0;
			knownRegions = (
				en,
				Base,
			);
			mainGroup = A965675222B4372000FA96D2;
			productRefGroup = A965675C22B4372000FA96D2 /* Products */;
			projectDirPath = "";
			projectRoot = "";
			targets = (
				A965675A22B4372000FA96D2 /* notes */,
				A965676E22B4372100FA96D2 /* notesTests */,
			);
		};
/* End PBXProject section */

/* Begin PBXResourcesBuildPhase section */
		A965675922B4372000FA96D2 /* Resources */ = {
			isa = PBXResourcesBuildPhase;
			buildActionMask = 2147483647;
			files = (
				A965676922B4372100FA96D2 /* LaunchScreen.storyboard in Resources */,
				A98AE56722BA75B200F86022 /* Localizable.strings in Resources */,
				A965676622B4372100FA96D2 /* Assets.xcassets in Resources */,
				A98AE56D22BA787F00F86022 /* README.md in Resources */,
				A9463DB922B6D1CF0070896A /* ListTableViewController.xib in Resources */,
				A984530222B7B3BA00199EBC /* LoadingViewController.xib in Resources */,
				A9463DBF22B6E75F0070896A /* DetailViewController.xib in Resources */,
			);
			runOnlyForDeploymentPostprocessing = 0;
		};
		A965676D22B4372100FA96D2 /* Resources */ = {
			isa = PBXResourcesBuildPhase;
			buildActionMask = 2147483647;
			files = (
			);
			runOnlyForDeploymentPostprocessing = 0;
		};
/* End PBXResourcesBuildPhase section */

/* Begin PBXShellScriptBuildPhase section */
		1B59B4E2BA12AAA20DC1176A /* [CP] Embed Pods Frameworks */ = {
			isa = PBXShellScriptBuildPhase;
			buildActionMask = 2147483647;
			files = (
			);
			inputFileListPaths = (
				"${PODS_ROOT}/Target Support Files/Pods-notes/Pods-notes-frameworks-${CONFIGURATION}-input-files.xcfilelist",
			);
			name = "[CP] Embed Pods Frameworks";
			outputFileListPaths = (
				"${PODS_ROOT}/Target Support Files/Pods-notes/Pods-notes-frameworks-${CONFIGURATION}-output-files.xcfilelist",
			);
			runOnlyForDeploymentPostprocessing = 0;
			shellPath = /bin/sh;
			shellScript = "\"${PODS_ROOT}/Target Support Files/Pods-notes/Pods-notes-frameworks.sh\"\n";
			showEnvVarsInLog = 0;
		};
		36D37912D30226FF59960651 /* [CP] Check Pods Manifest.lock */ = {
			isa = PBXShellScriptBuildPhase;
			buildActionMask = 2147483647;
			files = (
			);
			inputFileListPaths = (
			);
			inputPaths = (
				"${PODS_PODFILE_DIR_PATH}/Podfile.lock",
				"${PODS_ROOT}/Manifest.lock",
			);
			name = "[CP] Check Pods Manifest.lock";
			outputFileListPaths = (
			);
			outputPaths = (
				"$(DERIVED_FILE_DIR)/Pods-notesTests-checkManifestLockResult.txt",
			);
			runOnlyForDeploymentPostprocessing = 0;
			shellPath = /bin/sh;
			shellScript = "diff \"${PODS_PODFILE_DIR_PATH}/Podfile.lock\" \"${PODS_ROOT}/Manifest.lock\" > /dev/null\nif [ $? != 0 ] ; then\n    # print error to STDERR\n    echo \"error: The sandbox is not in sync with the Podfile.lock. Run 'pod install' or update your CocoaPods installation.\" >&2\n    exit 1\nfi\n# This output is used by Xcode 'outputs' to avoid re-running this script phase.\necho \"SUCCESS\" > \"${SCRIPT_OUTPUT_FILE_0}\"\n";
			showEnvVarsInLog = 0;
		};
		64880568B97F3A3AF7695663 /* [CP] Check Pods Manifest.lock */ = {
			isa = PBXShellScriptBuildPhase;
			buildActionMask = 2147483647;
			files = (
			);
			inputFileListPaths = (
			);
			inputPaths = (
				"${PODS_PODFILE_DIR_PATH}/Podfile.lock",
				"${PODS_ROOT}/Manifest.lock",
			);
			name = "[CP] Check Pods Manifest.lock";
			outputFileListPaths = (
			);
			outputPaths = (
				"$(DERIVED_FILE_DIR)/Pods-notes-checkManifestLockResult.txt",
			);
			runOnlyForDeploymentPostprocessing = 0;
			shellPath = /bin/sh;
			shellScript = "diff \"${PODS_PODFILE_DIR_PATH}/Podfile.lock\" \"${PODS_ROOT}/Manifest.lock\" > /dev/null\nif [ $? != 0 ] ; then\n    # print error to STDERR\n    echo \"error: The sandbox is not in sync with the Podfile.lock. Run 'pod install' or update your CocoaPods installation.\" >&2\n    exit 1\nfi\n# This output is used by Xcode 'outputs' to avoid re-running this script phase.\necho \"SUCCESS\" > \"${SCRIPT_OUTPUT_FILE_0}\"\n";
			showEnvVarsInLog = 0;
		};
		98CF521A6E8A2CA97569FC81 /* [CP] Embed Pods Frameworks */ = {
			isa = PBXShellScriptBuildPhase;
			buildActionMask = 2147483647;
			files = (
			);
			inputFileListPaths = (
				"${PODS_ROOT}/Target Support Files/Pods-notesTests/Pods-notesTests-frameworks-${CONFIGURATION}-input-files.xcfilelist",
			);
			name = "[CP] Embed Pods Frameworks";
			outputFileListPaths = (
				"${PODS_ROOT}/Target Support Files/Pods-notesTests/Pods-notesTests-frameworks-${CONFIGURATION}-output-files.xcfilelist",
			);
			runOnlyForDeploymentPostprocessing = 0;
			shellPath = /bin/sh;
			shellScript = "\"${PODS_ROOT}/Target Support Files/Pods-notesTests/Pods-notesTests-frameworks.sh\"\n";
			showEnvVarsInLog = 0;
		};
		A968347B22BA754800CF3CF6 /* Swiftgen */ = {
			isa = PBXShellScriptBuildPhase;
			buildActionMask = 2147483647;
			files = (
			);
			inputFileListPaths = (
			);
			inputPaths = (
			);
			name = Swiftgen;
			outputFileListPaths = (
			);
			outputPaths = (
			);
			runOnlyForDeploymentPostprocessing = 0;
			shellPath = /bin/sh;
			shellScript = "echo \"Running swiftgen\"\nswiftgen\necho \"Swiftgen finished\"\n";
		};
/* End PBXShellScriptBuildPhase section */

/* Begin PBXSourcesBuildPhase section */
		A965675722B4372000FA96D2 /* Sources */ = {
			isa = PBXSourcesBuildPhase;
			buildActionMask = 2147483647;
			files = (
				A999C11D22B43A120020F475 /* AppCoordinator.swift in Sources */,
				A9511F6722B6448900948518 /* NetworkRequest.swift in Sources */,
				A9511F7522B64CD300948518 /* NotesRequest.swift in Sources */,
				A984530622B81ED700199EBC /* HasLoading.swift in Sources */,
				A9511F6E22B646A300948518 /* NetworkClient.swift in Sources */,
				A98452FC22B7AE7F00199EBC /* DetailCoordinator.swift in Sources */,
				A9511F6C22B6469700948518 /* NewNote.swift in Sources */,
				A9511F7322B64BB100948518 /* EmptyResponse.swift in Sources */,
				A9511F7B22B64DEE00948518 /* GetNoteRequest.swift in Sources */,
				A98452FE22B7B0BD00199EBC /* ErrorPresentable.swift in Sources */,
				A98AE56B22BA76C200F86022 /* Strings.swift in Sources */,
				A965675F22B4372000FA96D2 /* AppDelegate.swift in Sources */,
				A984530B22B82DD000199EBC /* NoteService.swift in Sources */,
				A9511F7D22B64E4600948518 /* UpdateNoteRequest.swift in Sources */,
				A9463DBE22B6E75F0070896A /* DetailViewController.swift in Sources */,
				A9511F7722B64D2100948518 /* ListNotesRequest.swift in Sources */,
				A9511F8322B6679300948518 /* Server.swift in Sources */,
				A984530122B7B3BA00199EBC /* LoadingViewController.swift in Sources */,
				A9463DB822B6D1CF0070896A /* ListTableViewController.swift in Sources */,
				A9463DBB22B6D59D0070896A /* ListCoordinator.swift in Sources */,
				A9511F7922B64D7D00948518 /* CreateNoteRequest.swift in Sources */,
				A9511F6A22B645C000948518 /* Note.swift in Sources */,
				A9511F7122B64B6E00948518 /* NoteRequest.swift in Sources */,
				A9511F7F22B64EA300948518 /* RemoveNoteRequest.swift in Sources */,
			);
			runOnlyForDeploymentPostprocessing = 0;
		};
		A965676B22B4372100FA96D2 /* Sources */ = {
			isa = PBXSourcesBuildPhase;
			buildActionMask = 2147483647;
			files = (
				A9511F8122B65D7A00948518 /* MockAPITests.swift in Sources */,
				A984531322B839E300199EBC /* MockNetworkClient.swift in Sources */,
				A984531122B8399300199EBC /* ListCoordinatorTests.swift in Sources */,
				A984530422B7BACB00199EBC /* DetailCoordinatorTests.swift in Sources */,
				A984531622B8E89E00199EBC /* CoordinatorTest.swift in Sources */,
				A984530F22B8320900199EBC /* NoteServiceTests.swift in Sources */,
			);
			runOnlyForDeploymentPostprocessing = 0;
		};
/* End PBXSourcesBuildPhase section */

/* Begin PBXTargetDependency section */
		A965677122B4372100FA96D2 /* PBXTargetDependency */ = {
			isa = PBXTargetDependency;
			target = A965675A22B4372000FA96D2 /* notes */;
			targetProxy = A965677022B4372100FA96D2 /* PBXContainerItemProxy */;
		};
/* End PBXTargetDependency section */

/* Begin PBXVariantGroup section */
		A965676722B4372100FA96D2 /* LaunchScreen.storyboard */ = {
			isa = PBXVariantGroup;
			children = (
				A965676822B4372100FA96D2 /* Base */,
			);
			name = LaunchScreen.storyboard;
			sourceTree = "<group>";
		};
		A98AE56522BA75B200F86022 /* Localizable.strings */ = {
			isa = PBXVariantGroup;
			children = (
				A98AE56622BA75B200F86022 /* Base */,
			);
			name = Localizable.strings;
			sourceTree = "<group>";
		};
/* End PBXVariantGroup section */

/* Begin XCBuildConfiguration section */
		A965677622B4372100FA96D2 /* Debug */ = {
			isa = XCBuildConfiguration;
			buildSettings = {
				ALWAYS_SEARCH_USER_PATHS = NO;
				CLANG_ANALYZER_NONNULL = YES;
				CLANG_ANALYZER_NUMBER_OBJECT_CONVERSION = YES_AGGRESSIVE;
				CLANG_CXX_LANGUAGE_STANDARD = "gnu++14";
				CLANG_CXX_LIBRARY = "libc++";
				CLANG_ENABLE_MODULES = YES;
				CLANG_ENABLE_OBJC_ARC = YES;
				CLANG_ENABLE_OBJC_WEAK = YES;
				CLANG_WARN_BLOCK_CAPTURE_AUTORELEASING = YES;
				CLANG_WARN_BOOL_CONVERSION = YES;
				CLANG_WARN_COMMA = YES;
				CLANG_WARN_CONSTANT_CONVERSION = YES;
				CLANG_WARN_DEPRECATED_OBJC_IMPLEMENTATIONS = YES;
				CLANG_WARN_DIRECT_OBJC_ISA_USAGE = YES_ERROR;
				CLANG_WARN_DOCUMENTATION_COMMENTS = YES;
				CLANG_WARN_EMPTY_BODY = YES;
				CLANG_WARN_ENUM_CONVERSION = YES;
				CLANG_WARN_INFINITE_RECURSION = YES;
				CLANG_WARN_INT_CONVERSION = YES;
				CLANG_WARN_NON_LITERAL_NULL_CONVERSION = YES;
				CLANG_WARN_OBJC_IMPLICIT_RETAIN_SELF = YES;
				CLANG_WARN_OBJC_LITERAL_CONVERSION = YES;
				CLANG_WARN_OBJC_ROOT_CLASS = YES_ERROR;
				CLANG_WARN_RANGE_LOOP_ANALYSIS = YES;
				CLANG_WARN_STRICT_PROTOTYPES = YES;
				CLANG_WARN_SUSPICIOUS_MOVE = YES;
				CLANG_WARN_UNGUARDED_AVAILABILITY = YES_AGGRESSIVE;
				CLANG_WARN_UNREACHABLE_CODE = YES;
				CLANG_WARN__DUPLICATE_METHOD_MATCH = YES;
				CODE_SIGN_IDENTITY = "iPhone Developer";
				COPY_PHASE_STRIP = NO;
				DEBUG_INFORMATION_FORMAT = dwarf;
				ENABLE_STRICT_OBJC_MSGSEND = YES;
				ENABLE_TESTABILITY = YES;
				GCC_C_LANGUAGE_STANDARD = gnu11;
				GCC_DYNAMIC_NO_PIC = NO;
				GCC_NO_COMMON_BLOCKS = YES;
				GCC_OPTIMIZATION_LEVEL = 0;
				GCC_PREPROCESSOR_DEFINITIONS = (
					"DEBUG=1",
					"$(inherited)",
				);
				GCC_WARN_64_TO_32_BIT_CONVERSION = YES;
				GCC_WARN_ABOUT_RETURN_TYPE = YES_ERROR;
				GCC_WARN_UNDECLARED_SELECTOR = YES;
				GCC_WARN_UNINITIALIZED_AUTOS = YES_AGGRESSIVE;
				GCC_WARN_UNUSED_FUNCTION = YES;
				GCC_WARN_UNUSED_VARIABLE = YES;
				IPHONEOS_DEPLOYMENT_TARGET = 12.2;
				MTL_ENABLE_DEBUG_INFO = INCLUDE_SOURCE;
				MTL_FAST_MATH = YES;
				ONLY_ACTIVE_ARCH = YES;
				SDKROOT = iphoneos;
				SWIFT_ACTIVE_COMPILATION_CONDITIONS = DEBUG;
				SWIFT_OPTIMIZATION_LEVEL = "-Onone";
			};
			name = Debug;
		};
		A965677722B4372100FA96D2 /* Release */ = {
			isa = XCBuildConfiguration;
			buildSettings = {
				ALWAYS_SEARCH_USER_PATHS = NO;
				CLANG_ANALYZER_NONNULL = YES;
				CLANG_ANALYZER_NUMBER_OBJECT_CONVERSION = YES_AGGRESSIVE;
				CLANG_CXX_LANGUAGE_STANDARD = "gnu++14";
				CLANG_CXX_LIBRARY = "libc++";
				CLANG_ENABLE_MODULES = YES;
				CLANG_ENABLE_OBJC_ARC = YES;
				CLANG_ENABLE_OBJC_WEAK = YES;
				CLANG_WARN_BLOCK_CAPTURE_AUTORELEASING = YES;
				CLANG_WARN_BOOL_CONVERSION = YES;
				CLANG_WARN_COMMA = YES;
				CLANG_WARN_CONSTANT_CONVERSION = YES;
				CLANG_WARN_DEPRECATED_OBJC_IMPLEMENTATIONS = YES;
				CLANG_WARN_DIRECT_OBJC_ISA_USAGE = YES_ERROR;
				CLANG_WARN_DOCUMENTATION_COMMENTS = YES;
				CLANG_WARN_EMPTY_BODY = YES;
				CLANG_WARN_ENUM_CONVERSION = YES;
				CLANG_WARN_INFINITE_RECURSION = YES;
				CLANG_WARN_INT_CONVERSION = YES;
				CLANG_WARN_NON_LITERAL_NULL_CONVERSION = YES;
				CLANG_WARN_OBJC_IMPLICIT_RETAIN_SELF = YES;
				CLANG_WARN_OBJC_LITERAL_CONVERSION = YES;
				CLANG_WARN_OBJC_ROOT_CLASS = YES_ERROR;
				CLANG_WARN_RANGE_LOOP_ANALYSIS = YES;
				CLANG_WARN_STRICT_PROTOTYPES = YES;
				CLANG_WARN_SUSPICIOUS_MOVE = YES;
				CLANG_WARN_UNGUARDED_AVAILABILITY = YES_AGGRESSIVE;
				CLANG_WARN_UNREACHABLE_CODE = YES;
				CLANG_WARN__DUPLICATE_METHOD_MATCH = YES;
				CODE_SIGN_IDENTITY = "iPhone Developer";
				COPY_PHASE_STRIP = NO;
				DEBUG_INFORMATION_FORMAT = "dwarf-with-dsym";
				ENABLE_NS_ASSERTIONS = NO;
				ENABLE_STRICT_OBJC_MSGSEND = YES;
				GCC_C_LANGUAGE_STANDARD = gnu11;
				GCC_NO_COMMON_BLOCKS = YES;
				GCC_WARN_64_TO_32_BIT_CONVERSION = YES;
				GCC_WARN_ABOUT_RETURN_TYPE = YES_ERROR;
				GCC_WARN_UNDECLARED_SELECTOR = YES;
				GCC_WARN_UNINITIALIZED_AUTOS = YES_AGGRESSIVE;
				GCC_WARN_UNUSED_FUNCTION = YES;
				GCC_WARN_UNUSED_VARIABLE = YES;
				IPHONEOS_DEPLOYMENT_TARGET = 12.2;
				MTL_ENABLE_DEBUG_INFO = NO;
				MTL_FAST_MATH = YES;
				SDKROOT = iphoneos;
				SWIFT_COMPILATION_MODE = wholemodule;
				SWIFT_OPTIMIZATION_LEVEL = "-O";
				VALIDATE_PRODUCT = YES;
			};
			name = Release;
		};
		A965677922B4372100FA96D2 /* Debug */ = {
			isa = XCBuildConfiguration;
			baseConfigurationReference = AB34BA69487850FC98250639 /* Pods-notes.debug.xcconfig */;
			buildSettings = {
				ASSETCATALOG_COMPILER_APPICON_NAME = AppIcon;
				CODE_SIGN_STYLE = Automatic;
				DEVELOPMENT_TEAM = 86FZ7Y9N92;
				INFOPLIST_FILE = notes/Resources/Info.plist;
				IPHONEOS_DEPLOYMENT_TARGET = 12.0;
				LD_RUNPATH_SEARCH_PATHS = (
					"$(inherited)",
					"@executable_path/Frameworks",
				);
				PRODUCT_BUNDLE_IDENTIFIER = cz.bednarjan.notes;
				PRODUCT_NAME = "$(TARGET_NAME)";
				SWIFT_VERSION = 5.0;
				TARGETED_DEVICE_FAMILY = "1,2";
			};
			name = Debug;
		};
		A965677A22B4372100FA96D2 /* Release */ = {
			isa = XCBuildConfiguration;
			baseConfigurationReference = 9F0438C60CC065A3862FCAF4 /* Pods-notes.release.xcconfig */;
			buildSettings = {
				ASSETCATALOG_COMPILER_APPICON_NAME = AppIcon;
				CODE_SIGN_STYLE = Automatic;
				DEVELOPMENT_TEAM = 86FZ7Y9N92;
				INFOPLIST_FILE = notes/Resources/Info.plist;
				IPHONEOS_DEPLOYMENT_TARGET = 12.0;
				LD_RUNPATH_SEARCH_PATHS = (
					"$(inherited)",
					"@executable_path/Frameworks",
				);
				PRODUCT_BUNDLE_IDENTIFIER = cz.bednarjan.notes;
				PRODUCT_NAME = "$(TARGET_NAME)";
				SWIFT_VERSION = 5.0;
				TARGETED_DEVICE_FAMILY = "1,2";
			};
			name = Release;
		};
		A965677C22B4372100FA96D2 /* Debug */ = {
			isa = XCBuildConfiguration;
			baseConfigurationReference = D1111609EC7F4856379AFCCB /* Pods-notesTests.debug.xcconfig */;
			buildSettings = {
				ALWAYS_EMBED_SWIFT_STANDARD_LIBRARIES = YES;
				BUNDLE_LOADER = "$(TEST_HOST)";
				CODE_SIGN_STYLE = Automatic;
				DEVELOPMENT_TEAM = 86FZ7Y9N92;
				INFOPLIST_FILE = notesTests/Info.plist;
				LD_RUNPATH_SEARCH_PATHS = (
					"$(inherited)",
					"@executable_path/Frameworks",
					"@loader_path/Frameworks",
				);
				PRODUCT_BUNDLE_IDENTIFIER = cz.bednarjan.notesTests;
				PRODUCT_NAME = "$(TARGET_NAME)";
				SWIFT_VERSION = 5.0;
				TARGETED_DEVICE_FAMILY = "1,2";
				TEST_HOST = "$(BUILT_PRODUCTS_DIR)/notes.app/notes";
			};
			name = Debug;
		};
		A965677D22B4372100FA96D2 /* Release */ = {
			isa = XCBuildConfiguration;
			baseConfigurationReference = 639DFB5FCDA01E8D8ED5DB97 /* Pods-notesTests.release.xcconfig */;
			buildSettings = {
				ALWAYS_EMBED_SWIFT_STANDARD_LIBRARIES = YES;
				BUNDLE_LOADER = "$(TEST_HOST)";
				CODE_SIGN_STYLE = Automatic;
				DEVELOPMENT_TEAM = 86FZ7Y9N92;
				INFOPLIST_FILE = notesTests/Info.plist;
				LD_RUNPATH_SEARCH_PATHS = (
					"$(inherited)",
					"@executable_path/Frameworks",
					"@loader_path/Frameworks",
				);
				PRODUCT_BUNDLE_IDENTIFIER = cz.bednarjan.notesTests;
				PRODUCT_NAME = "$(TARGET_NAME)";
				SWIFT_VERSION = 5.0;
				TARGETED_DEVICE_FAMILY = "1,2";
				TEST_HOST = "$(BUILT_PRODUCTS_DIR)/notes.app/notes";
			};
			name = Release;
		};
/* End XCBuildConfiguration section */

/* Begin XCConfigurationList section */
		A965675622B4372000FA96D2 /* Build configuration list for PBXProject "notes" */ = {
			isa = XCConfigurationList;
			buildConfigurations = (
				A965677622B4372100FA96D2 /* Debug */,
				A965677722B4372100FA96D2 /* Release */,
			);
			defaultConfigurationIsVisible = 0;
			defaultConfigurationName = Release;
		};
		A965677822B4372100FA96D2 /* Build configuration list for PBXNativeTarget "notes" */ = {
			isa = XCConfigurationList;
			buildConfigurations = (
				A965677922B4372100FA96D2 /* Debug */,
				A965677A22B4372100FA96D2 /* Release */,
			);
			defaultConfigurationIsVisible = 0;
			defaultConfigurationName = Release;
		};
		A965677B22B4372100FA96D2 /* Build configuration list for PBXNativeTarget "notesTests" */ = {
			isa = XCConfigurationList;
			buildConfigurations = (
				A965677C22B4372100FA96D2 /* Debug */,
				A965677D22B4372100FA96D2 /* Release */,
			);
			defaultConfigurationIsVisible = 0;
			defaultConfigurationName = Release;
		};
/* End XCConfigurationList section */
	};
	rootObject = A965675322B4372000FA96D2 /* Project object */;
}
