// !$*UTF8*$!
{
	archiveVersion = 1;
	classes = {
	};
	objectVersion = 51;
	objects = {

/* Begin PBXBuildFile section */
		0F8E3005CE0F51AE7BFC12B4 /* Pods_notesTests.framework in Frameworks */ = {isa = PBXBuildFile; fileRef = EA141ACFD47130231BDBAE2E /* Pods_notesTests.framework */; };
		5C6D3CBD769609C1599407ED /* Pods_notes.framework in Frameworks */ = {isa = PBXBuildFile; fileRef = BFAD6FF35D063F65A45FF8BE /* Pods_notes.framework */; };
		A965675F22B4372000FA96D2 /* AppDelegate.swift in Sources */ = {isa = PBXBuildFile; fileRef = A965675E22B4372000FA96D2 /* AppDelegate.swift */; };
		A965676622B4372100FA96D2 /* Assets.xcassets in Resources */ = {isa = PBXBuildFile; fileRef = A965676522B4372100FA96D2 /* Assets.xcassets */; };
		A965676922B4372100FA96D2 /* LaunchScreen.storyboard in Resources */ = {isa = PBXBuildFile; fileRef = A965676722B4372100FA96D2 /* LaunchScreen.storyboard */; };
		A965677422B4372100FA96D2 /* notesTests.swift in Sources */ = {isa = PBXBuildFile; fileRef = A965677322B4372100FA96D2 /* notesTests.swift */; };
		A999C11D22B43A120020F475 /* AppCoordinator.swift in Sources */ = {isa = PBXBuildFile; fileRef = A999C11C22B43A120020F475 /* AppCoordinator.swift */; };
/* End PBXBuildFile section */

/* Begin PBXContainerItemProxy section */
		A965677022B4372100FA96D2 /* PBXContainerItemProxy */ = {
			isa = PBXContainerItemProxy;
			containerPortal = A965675322B4372000FA96D2 /* Project object */;
			proxyType = 1;
			remoteGlobalIDString = A965675A22B4372000FA96D2;
			remoteInfo = notes;
		};
/* End PBXContainerItemProxy section */

/* Begin PBXFileReference section */
		639DFB5FCDA01E8D8ED5DB97 /* Pods-notesTests.release.xcconfig */ = {isa = PBXFileReference; includeInIndex = 1; lastKnownFileType = text.xcconfig; name = "Pods-notesTests.release.xcconfig"; path = "Target Support Files/Pods-notesTests/Pods-notesTests.release.xcconfig"; sourceTree = "<group>"; };
		9F0438C60CC065A3862FCAF4 /* Pods-notes.release.xcconfig */ = {isa = PBXFileReference; includeInIndex = 1; lastKnownFileType = text.xcconfig; name = "Pods-notes.release.xcconfig"; path = "Target Support Files/Pods-notes/Pods-notes.release.xcconfig"; sourceTree = "<group>"; };
		A965675B22B4372000FA96D2 /* notes.app */ = {isa = PBXFileReference; explicitFileType = wrapper.application; includeInIndex = 0; path = notes.app; sourceTree = BUILT_PRODUCTS_DIR; };
		A965675E22B4372000FA96D2 /* AppDelegate.swift */ = {isa = PBXFileReference; lastKnownFileType = sourcecode.swift; path = AppDelegate.swift; sourceTree = "<group>"; };
		A965676522B4372100FA96D2 /* Assets.xcassets */ = {isa = PBXFileReference; lastKnownFileType = folder.assetcatalog; path = Assets.xcassets; sourceTree = "<group>"; };
		A965676822B4372100FA96D2 /* Base */ = {isa = PBXFileReference; lastKnownFileType = file.storyboard; name = Base; path = Base.lproj/LaunchScreen.storyboard; sourceTree = "<group>"; };
		A965676A22B4372100FA96D2 /* Info.plist */ = {isa = PBXFileReference; lastKnownFileType = text.plist.xml; path = Info.plist; sourceTree = "<group>"; };
		A965676F22B4372100FA96D2 /* notesTests.xctest */ = {isa = PBXFileReference; explicitFileType = wrapper.cfbundle; includeInIndex = 0; path = notesTests.xctest; sourceTree = BUILT_PRODUCTS_DIR; };
		A965677322B4372100FA96D2 /* notesTests.swift */ = {isa = PBXFileReference; lastKnownFileType = sourcecode.swift; path = notesTests.swift; sourceTree = "<group>"; };
		A965677522B4372100FA96D2 /* Info.plist */ = {isa = PBXFileReference; lastKnownFileType = text.plist.xml; path = Info.plist; sourceTree = "<group>"; };
		A999C11C22B43A120020F475 /* AppCoordinator.swift */ = {isa = PBXFileReference; lastKnownFileType = sourcecode.swift; path = AppCoordinator.swift; sourceTree = "<group>"; };
		AB34BA69487850FC98250639 /* Pods-notes.debug.xcconfig */ = {isa = PBXFileReference; includeInIndex = 1; lastKnownFileType = text.xcconfig; name = "Pods-notes.debug.xcconfig"; path = "Target Support Files/Pods-notes/Pods-notes.debug.xcconfig"; sourceTree = "<group>"; };
		BFAD6FF35D063F65A45FF8BE /* Pods_notes.framework */ = {isa = PBXFileReference; explicitFileType = wrapper.framework; includeInIndex = 0; path = Pods_notes.framework; sourceTree = BUILT_PRODUCTS_DIR; };
		D1111609EC7F4856379AFCCB /* Pods-notesTests.debug.xcconfig */ = {isa = PBXFileReference; includeInIndex = 1; lastKnownFileType = text.xcconfig; name = "Pods-notesTests.debug.xcconfig"; path = "Target Support Files/Pods-notesTests/Pods-notesTests.debug.xcconfig"; sourceTree = "<group>"; };
		EA141ACFD47130231BDBAE2E /* Pods_notesTests.framework */ = {isa = PBXFileReference; explicitFileType = wrapper.framework; includeInIndex = 0; path = Pods_notesTests.framework; sourceTree = BUILT_PRODUCTS_DIR; };
/* End PBXFileReference section */

/* Begin PBXFrameworksBuildPhase section */
		A965675822B4372000FA96D2 /* Frameworks */ = {
			isa = PBXFrameworksBuildPhase;
			buildActionMask = 2147483647;
			files = (
				5C6D3CBD769609C1599407ED /* Pods_notes.framework in Frameworks */,
			);
			runOnlyForDeploymentPostprocessing = 0;
		};
		A965676C22B4372100FA96D2 /* Frameworks */ = {
			isa = PBXFrameworksBuildPhase;
			buildActionMask = 2147483647;
			files = (
				0F8E3005CE0F51AE7BFC12B4 /* Pods_notesTests.framework in Frameworks */,
			);
			runOnlyForDeploymentPostprocessing = 0;
		};
/* End PBXFrameworksBuildPhase section */

/* Begin PBXGroup section */
		55DA332F8B494AFA8840FA09 /* Frameworks */ = {
			isa = PBXGroup;
			children = (
				BFAD6FF35D063F65A45FF8BE /* Pods_notes.framework */,
				EA141ACFD47130231BDBAE2E /* Pods_notesTests.framework */,
			);
			name = Frameworks;
			sourceTree = "<group>";
		};
		6DEDA239609FBA39BA2FEE69 /* Pods */ = {
			isa = PBXGroup;
			children = (
				AB34BA69487850FC98250639 /* Pods-notes.debug.xcconfig */,
				9F0438C60CC065A3862FCAF4 /* Pods-notes.release.xcconfig */,
				D1111609EC7F4856379AFCCB /* Pods-notesTests.debug.xcconfig */,
				639DFB5FCDA01E8D8ED5DB97 /* Pods-notesTests.release.xcconfig */,
			);
			path = Pods;
			sourceTree = "<group>";
		};
		A965675222B4372000FA96D2 = {
			isa = PBXGroup;
			children = (
				A965675D22B4372000FA96D2 /* notes */,
				A965677222B4372100FA96D2 /* notesTests */,
				A965675C22B4372000FA96D2 /* Products */,
				6DEDA239609FBA39BA2FEE69 /* Pods */,
				55DA332F8B494AFA8840FA09 /* Frameworks */,
			);
			sourceTree = "<group>";
		};
		A965675C22B4372000FA96D2 /* Products */ = {
			isa = PBXGroup;
			children = (
				A965675B22B4372000FA96D2 /* notes.app */,
				A965676F22B4372100FA96D2 /* notesTests.xctest */,
			);
			name = Products;
			sourceTree = "<group>";
		};
		A965675D22B4372000FA96D2 /* notes */ = {
			isa = PBXGroup;
			children = (
				A965675E22B4372000FA96D2 /* AppDelegate.swift */,
				A999C11C22B43A120020F475 /* AppCoordinator.swift */,
				A965676522B4372100FA96D2 /* Assets.xcassets */,
				A965676722B4372100FA96D2 /* LaunchScreen.storyboard */,
				A965676A22B4372100FA96D2 /* Info.plist */,
			);
			path = notes;
			sourceTree = "<group>";
		};
		A965677222B4372100FA96D2 /* notesTests */ = {
			isa = PBXGroup;
			children = (
				A965677322B4372100FA96D2 /* notesTests.swift */,
				A965677522B4372100FA96D2 /* Info.plist */,
			);
			path = notesTests;
			sourceTree = "<group>";
		};
/* End PBXGroup section */

/* Begin PBXNativeTarget section */
		A965675A22B4372000FA96D2 /* notes */ = {
			isa = PBXNativeTarget;
			buildConfigurationList = A965677822B4372100FA96D2 /* Build configuration list for PBXNativeTarget "notes" */;
			buildPhases = (
				64880568B97F3A3AF7695663 /* [CP] Check Pods Manifest.lock */,
				A965675722B4372000FA96D2 /* Sources */,
				A965675822B4372000FA96D2 /* Frameworks */,
				A965675922B4372000FA96D2 /* Resources */,
				1B59B4E2BA12AAA20DC1176A /* [CP] Embed Pods Frameworks */,
			);
			buildRules = (
			);
			dependencies = (
			);
			name = notes;
			productName = notes;
			productReference = A965675B22B4372000FA96D2 /* notes.app */;
			productType = "com.apple.product-type.application";
		};
		A965676E22B4372100FA96D2 /* notesTests */ = {
			isa = PBXNativeTarget;
			buildConfigurationList = A965677B22B4372100FA96D2 /* Build configuration list for PBXNativeTarget "notesTests" */;
			buildPhases = (
				36D37912D30226FF59960651 /* [CP] Check Pods Manifest.lock */,
				A965676B22B4372100FA96D2 /* Sources */,
				A965676C22B4372100FA96D2 /* Frameworks */,
				A965676D22B4372100FA96D2 /* Resources */,
			);
			buildRules = (
			);
			dependencies = (
				A965677122B4372100FA96D2 /* PBXTargetDependency */,
			);
			name = notesTests;
			productName = notesTests;
			productReference = A965676F22B4372100FA96D2 /* notesTests.xctest */;
			productType = "com.apple.product-type.bundle.unit-test";
		};
/* End PBXNativeTarget section */

/* Begin PBXProject section */
		A965675322B4372000FA96D2 /* Project object */ = {
			isa = PBXProject;
			attributes = {
				LastSwiftUpdateCheck = 1020;
				LastUpgradeCheck = 1020;
				ORGANIZATIONNAME = bednarjan;
				TargetAttributes = {
					A965675A22B4372000FA96D2 = {
						CreatedOnToolsVersion = 10.2;
					};
					A965676E22B4372100FA96D2 = {
						CreatedOnToolsVersion = 10.2;
						TestTargetID = A965675A22B4372000FA96D2;
					};
				};
			};
			buildConfigurationList = A965675622B4372000FA96D2 /* Build configuration list for PBXProject "notes" */;
			compatibilityVersion = "Xcode 9.3";
			developmentRegion = en;
			hasScannedForEncodings = 0;
			knownRegions = (
				en,
				Base,
			);
			mainGroup = A965675222B4372000FA96D2;
			productRefGroup = A965675C22B4372000FA96D2 /* Products */;
			projectDirPath = "";
			projectRoot = "";
			targets = (
				A965675A22B4372000FA96D2 /* notes */,
				A965676E22B4372100FA96D2 /* notesTests */,
			);
		};
/* End PBXProject section */

/* Begin PBXResourcesBuildPhase section */
		A965675922B4372000FA96D2 /* Resources */ = {
			isa = PBXResourcesBuildPhase;
			buildActionMask = 2147483647;
			files = (
				A965676922B4372100FA96D2 /* LaunchScreen.storyboard in Resources */,
				A965676622B4372100FA96D2 /* Assets.xcassets in Resources */,
			);
			runOnlyForDeploymentPostprocessing = 0;
		};
		A965676D22B4372100FA96D2 /* Resources */ = {
			isa = PBXResourcesBuildPhase;
			buildActionMask = 2147483647;
			files = (
			);
			runOnlyForDeploymentPostprocessing = 0;
		};
/* End PBXResourcesBuildPhase section */

/* Begin PBXShellScriptBuildPhase section */
		1B59B4E2BA12AAA20DC1176A /* [CP] Embed Pods Frameworks */ = {
			isa = PBXShellScriptBuildPhase;
			buildActionMask = 2147483647;
			files = (
			);
			inputFileListPaths = (
				"${PODS_ROOT}/Target Support Files/Pods-notes/Pods-notes-frameworks-${CONFIGURATION}-input-files.xcfilelist",
			);
			name = "[CP] Embed Pods Frameworks";
			outputFileListPaths = (
				"${PODS_ROOT}/Target Support Files/Pods-notes/Pods-notes-frameworks-${CONFIGURATION}-output-files.xcfilelist",
			);
			runOnlyForDeploymentPostprocessing = 0;
			shellPath = /bin/sh;
			shellScript = "\"${PODS_ROOT}/Target Support Files/Pods-notes/Pods-notes-frameworks.sh\"\n";
			showEnvVarsInLog = 0;
		};
		36D37912D30226FF59960651 /* [CP] Check Pods Manifest.lock */ = {
			isa = PBXShellScriptBuildPhase;
			buildActionMask = 2147483647;
			files = (
			);
			inputFileListPaths = (
			);
			inputPaths = (
				"${PODS_PODFILE_DIR_PATH}/Podfile.lock",
				"${PODS_ROOT}/Manifest.lock",
			);
			name = "[CP] Check Pods Manifest.lock";
			outputFileListPaths = (
			);
			outputPaths = (
				"$(DERIVED_FILE_DIR)/Pods-notesTests-checkManifestLockResult.txt",
			);
			runOnlyForDeploymentPostprocessing = 0;
			shellPath = /bin/sh;
			shellScript = "diff \"${PODS_PODFILE_DIR_PATH}/Podfile.lock\" \"${PODS_ROOT}/Manifest.lock\" > /dev/null\nif [ $? != 0 ] ; then\n    # print error to STDERR\n    echo \"error: The sandbox is not in sync with the Podfile.lock. Run 'pod install' or update your CocoaPods installation.\" >&2\n    exit 1\nfi\n# This output is used by Xcode 'outputs' to avoid re-running this script phase.\necho \"SUCCESS\" > \"${SCRIPT_OUTPUT_FILE_0}\"\n";
			showEnvVarsInLog = 0;
		};
		64880568B97F3A3AF7695663 /* [CP] Check Pods Manifest.lock */ = {
			isa = PBXShellScriptBuildPhase;
			buildActionMask = 2147483647;
			files = (
			);
			inputFileListPaths = (
			);
			inputPaths = (
				"${PODS_PODFILE_DIR_PATH}/Podfile.lock",
				"${PODS_ROOT}/Manifest.lock",
			);
			name = "[CP] Check Pods Manifest.lock";
			outputFileListPaths = (
			);
			outputPaths = (
				"$(DERIVED_FILE_DIR)/Pods-notes-checkManifestLockResult.txt",
			);
			runOnlyForDeploymentPostprocessing = 0;
			shellPath = /bin/sh;
			shellScript = "diff \"${PODS_PODFILE_DIR_PATH}/Podfile.lock\" \"${PODS_ROOT}/Manifest.lock\" > /dev/null\nif [ $? != 0 ] ; then\n    # print error to STDERR\n    echo \"error: The sandbox is not in sync with the Podfile.lock. Run 'pod install' or update your CocoaPods installation.\" >&2\n    exit 1\nfi\n# This output is used by Xcode 'outputs' to avoid re-running this script phase.\necho \"SUCCESS\" > \"${SCRIPT_OUTPUT_FILE_0}\"\n";
			showEnvVarsInLog = 0;
		};
/* End PBXShellScriptBuildPhase section */

/* Begin PBXSourcesBuildPhase section */
		A965675722B4372000FA96D2 /* Sources */ = {
			isa = PBXSourcesBuildPhase;
			buildActionMask = 2147483647;
			files = (
				A999C11D22B43A120020F475 /* AppCoordinator.swift in Sources */,
				A965675F22B4372000FA96D2 /* AppDelegate.swift in Sources */,
			);
			runOnlyForDeploymentPostprocessing = 0;
		};
		A965676B22B4372100FA96D2 /* Sources */ = {
			isa = PBXSourcesBuildPhase;
			buildActionMask = 2147483647;
			files = (
				A965677422B4372100FA96D2 /* notesTests.swift in Sources */,
			);
			runOnlyForDeploymentPostprocessing = 0;
		};
/* End PBXSourcesBuildPhase section */

/* Begin PBXTargetDependency section */
		A965677122B4372100FA96D2 /* PBXTargetDependency */ = {
			isa = PBXTargetDependency;
			target = A965675A22B4372000FA96D2 /* notes */;
			targetProxy = A965677022B4372100FA96D2 /* PBXContainerItemProxy */;
		};
/* End PBXTargetDependency section */

/* Begin PBXVariantGroup section */
		A965676722B4372100FA96D2 /* LaunchScreen.storyboard */ = {
			isa = PBXVariantGroup;
			children = (
				A965676822B4372100FA96D2 /* Base */,
			);
			name = LaunchScreen.storyboard;
			sourceTree = "<group>";
		};
/* End PBXVariantGroup section */

/* Begin XCBuildConfiguration section */
		A965677622B4372100FA96D2 /* Debug */ = {
			isa = XCBuildConfiguration;
			buildSettings = {
				ALWAYS_SEARCH_USER_PATHS = NO;
				CLANG_ANALYZER_NONNULL = YES;
				CLANG_ANALYZER_NUMBER_OBJECT_CONVERSION = YES_AGGRESSIVE;
				CLANG_CXX_LANGUAGE_STANDARD = "gnu++14";
				CLANG_CXX_LIBRARY = "libc++";
				CLANG_ENABLE_MODULES = YES;
				CLANG_ENABLE_OBJC_ARC = YES;
				CLANG_ENABLE_OBJC_WEAK = YES;
				CLANG_WARN_BLOCK_CAPTURE_AUTORELEASING = YES;
				CLANG_WARN_BOOL_CONVERSION = YES;
				CLANG_WARN_COMMA = YES;
				CLANG_WARN_CONSTANT_CONVERSION = YES;
				CLANG_WARN_DEPRECATED_OBJC_IMPLEMENTATIONS = YES;
				CLANG_WARN_DIRECT_OBJC_ISA_USAGE = YES_ERROR;
				CLANG_WARN_DOCUMENTATION_COMMENTS = YES;
				CLANG_WARN_EMPTY_BODY = YES;
				CLANG_WARN_ENUM_CONVERSION = YES;
				CLANG_WARN_INFINITE_RECURSION = YES;
				CLANG_WARN_INT_CONVERSION = YES;
				CLANG_WARN_NON_LITERAL_NULL_CONVERSION = YES;
				CLANG_WARN_OBJC_IMPLICIT_RETAIN_SELF = YES;
				CLANG_WARN_OBJC_LITERAL_CONVERSION = YES;
				CLANG_WARN_OBJC_ROOT_CLASS = YES_ERROR;
				CLANG_WARN_RANGE_LOOP_ANALYSIS = YES;
				CLANG_WARN_STRICT_PROTOTYPES = YES;
				CLANG_WARN_SUSPICIOUS_MOVE = YES;
				CLANG_WARN_UNGUARDED_AVAILABILITY = YES_AGGRESSIVE;
				CLANG_WARN_UNREACHABLE_CODE = YES;
				CLANG_WARN__DUPLICATE_METHOD_MATCH = YES;
				CODE_SIGN_IDENTITY = "iPhone Developer";
				COPY_PHASE_STRIP = NO;
				DEBUG_INFORMATION_FORMAT = dwarf;
				ENABLE_STRICT_OBJC_MSGSEND = YES;
				ENABLE_TESTABILITY = YES;
				GCC_C_LANGUAGE_STANDARD = gnu11;
				GCC_DYNAMIC_NO_PIC = NO;
				GCC_NO_COMMON_BLOCKS = YES;
				GCC_OPTIMIZATION_LEVEL = 0;
				GCC_PREPROCESSOR_DEFINITIONS = (
					"DEBUG=1",
					"$(inherited)",
				);
				GCC_WARN_64_TO_32_BIT_CONVERSION = YES;
				GCC_WARN_ABOUT_RETURN_TYPE = YES_ERROR;
				GCC_WARN_UNDECLARED_SELECTOR = YES;
				GCC_WARN_UNINITIALIZED_AUTOS = YES_AGGRESSIVE;
				GCC_WARN_UNUSED_FUNCTION = YES;
				GCC_WARN_UNUSED_VARIABLE = YES;
				IPHONEOS_DEPLOYMENT_TARGET = 12.2;
				MTL_ENABLE_DEBUG_INFO = INCLUDE_SOURCE;
				MTL_FAST_MATH = YES;
				ONLY_ACTIVE_ARCH = YES;
				SDKROOT = iphoneos;
				SWIFT_ACTIVE_COMPILATION_CONDITIONS = DEBUG;
				SWIFT_OPTIMIZATION_LEVEL = "-Onone";
			};
			name = Debug;
		};
		A965677722B4372100FA96D2 /* Release */ = {
			isa = XCBuildConfiguration;
			buildSettings = {
				ALWAYS_SEARCH_USER_PATHS = NO;
				CLANG_ANALYZER_NONNULL = YES;
				CLANG_ANALYZER_NUMBER_OBJECT_CONVERSION = YES_AGGRESSIVE;
				CLANG_CXX_LANGUAGE_STANDARD = "gnu++14";
				CLANG_CXX_LIBRARY = "libc++";
				CLANG_ENABLE_MODULES = YES;
				CLANG_ENABLE_OBJC_ARC = YES;
				CLANG_ENABLE_OBJC_WEAK = YES;
				CLANG_WARN_BLOCK_CAPTURE_AUTORELEASING = YES;
				CLANG_WARN_BOOL_CONVERSION = YES;
				CLANG_WARN_COMMA = YES;
				CLANG_WARN_CONSTANT_CONVERSION = YES;
				CLANG_WARN_DEPRECATED_OBJC_IMPLEMENTATIONS = YES;
				CLANG_WARN_DIRECT_OBJC_ISA_USAGE = YES_ERROR;
				CLANG_WARN_DOCUMENTATION_COMMENTS = YES;
				CLANG_WARN_EMPTY_BODY = YES;
				CLANG_WARN_ENUM_CONVERSION = YES;
				CLANG_WARN_INFINITE_RECURSION = YES;
				CLANG_WARN_INT_CONVERSION = YES;
				CLANG_WARN_NON_LITERAL_NULL_CONVERSION = YES;
				CLANG_WARN_OBJC_IMPLICIT_RETAIN_SELF = YES;
				CLANG_WARN_OBJC_LITERAL_CONVERSION = YES;
				CLANG_WARN_OBJC_ROOT_CLASS = YES_ERROR;
				CLANG_WARN_RANGE_LOOP_ANALYSIS = YES;
				CLANG_WARN_STRICT_PROTOTYPES = YES;
				CLANG_WARN_SUSPICIOUS_MOVE = YES;
				CLANG_WARN_UNGUARDED_AVAILABILITY = YES_AGGRESSIVE;
				CLANG_WARN_UNREACHABLE_CODE = YES;
				CLANG_WARN__DUPLICATE_METHOD_MATCH = YES;
				CODE_SIGN_IDENTITY = "iPhone Developer";
				COPY_PHASE_STRIP = NO;
				DEBUG_INFORMATION_FORMAT = "dwarf-with-dsym";
				ENABLE_NS_ASSERTIONS = NO;
				ENABLE_STRICT_OBJC_MSGSEND = YES;
				GCC_C_LANGUAGE_STANDARD = gnu11;
				GCC_NO_COMMON_BLOCKS = YES;
				GCC_WARN_64_TO_32_BIT_CONVERSION = YES;
				GCC_WARN_ABOUT_RETURN_TYPE = YES_ERROR;
				GCC_WARN_UNDECLARED_SELECTOR = YES;
				GCC_WARN_UNINITIALIZED_AUTOS = YES_AGGRESSIVE;
				GCC_WARN_UNUSED_FUNCTION = YES;
				GCC_WARN_UNUSED_VARIABLE = YES;
				IPHONEOS_DEPLOYMENT_TARGET = 12.2;
				MTL_ENABLE_DEBUG_INFO = NO;
				MTL_FAST_MATH = YES;
				SDKROOT = iphoneos;
				SWIFT_COMPILATION_MODE = wholemodule;
				SWIFT_OPTIMIZATION_LEVEL = "-O";
				VALIDATE_PRODUCT = YES;
			};
			name = Release;
		};
		A965677922B4372100FA96D2 /* Debug */ = {
			isa = XCBuildConfiguration;
			baseConfigurationReference = AB34BA69487850FC98250639 /* Pods-notes.debug.xcconfig */;
			buildSettings = {
				ASSETCATALOG_COMPILER_APPICON_NAME = AppIcon;
				CODE_SIGN_STYLE = Automatic;
				DEVELOPMENT_TEAM = 86FZ7Y9N92;
				INFOPLIST_FILE = notes/Info.plist;
				IPHONEOS_DEPLOYMENT_TARGET = 12.0;
				LD_RUNPATH_SEARCH_PATHS = (
					"$(inherited)",
					"@executable_path/Frameworks",
				);
				PRODUCT_BUNDLE_IDENTIFIER = cz.bednarjan.notes;
				PRODUCT_NAME = "$(TARGET_NAME)";
				SWIFT_VERSION = 5.0;
				TARGETED_DEVICE_FAMILY = "1,2";
			};
			name = Debug;
		};
		A965677A22B4372100FA96D2 /* Release */ = {
			isa = XCBuildConfiguration;
			baseConfigurationReference = 9F0438C60CC065A3862FCAF4 /* Pods-notes.release.xcconfig */;
			buildSettings = {
				ASSETCATALOG_COMPILER_APPICON_NAME = AppIcon;
				CODE_SIGN_STYLE = Automatic;
				DEVELOPMENT_TEAM = 86FZ7Y9N92;
				INFOPLIST_FILE = notes/Info.plist;
				IPHONEOS_DEPLOYMENT_TARGET = 12.0;
				LD_RUNPATH_SEARCH_PATHS = (
					"$(inherited)",
					"@executable_path/Frameworks",
				);
				PRODUCT_BUNDLE_IDENTIFIER = cz.bednarjan.notes;
				PRODUCT_NAME = "$(TARGET_NAME)";
				SWIFT_VERSION = 5.0;
				TARGETED_DEVICE_FAMILY = "1,2";
			};
			name = Release;
		};
		A965677C22B4372100FA96D2 /* Debug */ = {
			isa = XCBuildConfiguration;
			baseConfigurationReference = D1111609EC7F4856379AFCCB /* Pods-notesTests.debug.xcconfig */;
			buildSettings = {
				ALWAYS_EMBED_SWIFT_STANDARD_LIBRARIES = YES;
				BUNDLE_LOADER = "$(TEST_HOST)";
				CODE_SIGN_STYLE = Automatic;
				DEVELOPMENT_TEAM = 86FZ7Y9N92;
				INFOPLIST_FILE = notesTests/Info.plist;
				LD_RUNPATH_SEARCH_PATHS = (
					"$(inherited)",
					"@executable_path/Frameworks",
					"@loader_path/Frameworks",
				);
				PRODUCT_BUNDLE_IDENTIFIER = cz.bednarjan.notesTests;
				PRODUCT_NAME = "$(TARGET_NAME)";
				SWIFT_VERSION = 5.0;
				TARGETED_DEVICE_FAMILY = "1,2";
				TEST_HOST = "$(BUILT_PRODUCTS_DIR)/notes.app/notes";
			};
			name = Debug;
		};
		A965677D22B4372100FA96D2 /* Release */ = {
			isa = XCBuildConfiguration;
			baseConfigurationReference = 639DFB5FCDA01E8D8ED5DB97 /* Pods-notesTests.release.xcconfig */;
			buildSettings = {
				ALWAYS_EMBED_SWIFT_STANDARD_LIBRARIES = YES;
				BUNDLE_LOADER = "$(TEST_HOST)";
				CODE_SIGN_STYLE = Automatic;
				DEVELOPMENT_TEAM = 86FZ7Y9N92;
				INFOPLIST_FILE = notesTests/Info.plist;
				LD_RUNPATH_SEARCH_PATHS = (
					"$(inherited)",
					"@executable_path/Frameworks",
					"@loader_path/Frameworks",
				);
				PRODUCT_BUNDLE_IDENTIFIER = cz.bednarjan.notesTests;
				PRODUCT_NAME = "$(TARGET_NAME)";
				SWIFT_VERSION = 5.0;
				TARGETED_DEVICE_FAMILY = "1,2";
				TEST_HOST = "$(BUILT_PRODUCTS_DIR)/notes.app/notes";
			};
			name = Release;
		};
/* End XCBuildConfiguration section */

/* Begin XCConfigurationList section */
		A965675622B4372000FA96D2 /* Build configuration list for PBXProject "notes" */ = {
			isa = XCConfigurationList;
			buildConfigurations = (
				A965677622B4372100FA96D2 /* Debug */,
				A965677722B4372100FA96D2 /* Release */,
			);
			defaultConfigurationIsVisible = 0;
			defaultConfigurationName = Release;
		};
		A965677822B4372100FA96D2 /* Build configuration list for PBXNativeTarget "notes" */ = {
			isa = XCConfigurationList;
			buildConfigurations = (
				A965677922B4372100FA96D2 /* Debug */,
				A965677A22B4372100FA96D2 /* Release */,
			);
			defaultConfigurationIsVisible = 0;
			defaultConfigurationName = Release;
		};
		A965677B22B4372100FA96D2 /* Build configuration list for PBXNativeTarget "notesTests" */ = {
			isa = XCConfigurationList;
			buildConfigurations = (
				A965677C22B4372100FA96D2 /* Debug */,
				A965677D22B4372100FA96D2 /* Release */,
			);
			defaultConfigurationIsVisible = 0;
			defaultConfigurationName = Release;
		};
/* End XCConfigurationList section */
	};
	rootObject = A965675322B4372000FA96D2 /* Project object */;
}
